
Microsoft Visual Studio Solution File, Format Version 12.00
# Visual Studio Version 16
VisualStudioVersion = 16.0.29613.14
MinimumVisualStudioVersion = 10.0.40219.1
Project("{FAE04EC0-301F-11D3-BF4B-00C04F79EFBC}") = "POO_Conta", "POO_Conta\POO_Conta.csproj", "{76ADF247-B49E-446D-B7E4-EB1AE111705B}"
EndProject
Global
	GlobalSection(SolutionConfigurationPlatforms) = preSolution
		Debug|Any CPU = Debug|Any CPU
		Release|Any CPU = Release|Any CPU
	EndGlobalSection
	GlobalSection(ProjectConfigurationPlatforms) = postSolution
		{76ADF247-B49E-446D-B7E4-EB1AE111705B}.Debug|Any CPU.ActiveCfg = Debug|Any CPU
		{76ADF247-B49E-446D-B7E4-EB1AE111705B}.Debug|Any CPU.Build.0 = Debug|Any CPU
		{76ADF247-B49E-446D-B7E4-EB1AE111705B}.Release|Any CPU.ActiveCfg = Release|Any CPU
		{76ADF247-B49E-446D-B7E4-EB1AE111705B}.Release|Any CPU.Build.0 = Release|Any CPU
	EndGlobalSection
	GlobalSection(SolutionProperties) = preSolution
		HideSolutionNode = FALSE
	EndGlobalSection
	GlobalSection(ExtensibilityGlobals) = postSolution
		SolutionGuid = {B7F4C930-1716-43CA-952C-DAA05B92E001}
	EndGlobalSection
EndGlobal
